
Microsoft Visual Studio Solution File, Format Version 12.00
# Visual Studio Version 17
VisualStudioVersion = 17.7.34221.43
MinimumVisualStudioVersion = 10.0.40219.1
Project("{FAE04EC0-301F-11D3-BF4B-00C04F79EFBC}") = "CityMirrorFix", "CityMirrorFix\CityMirrorFix.csproj", "{CCF44AE9-DC79-45E8-B4C5-7007A9866B5B}"
EndProject
Global
	GlobalSection(SolutionConfigurationPlatforms) = preSolution
		Debug|Any CPU = Debug|Any CPU
		Release|Any CPU = Release|Any CPU
	EndGlobalSection
	GlobalSection(ProjectConfigurationPlatforms) = postSolution
		{CCF44AE9-DC79-45E8-B4C5-7007A9866B5B}.Debug|Any CPU.ActiveCfg = Debug|Any CPU
		{CCF44AE9-DC79-45E8-B4C5-7007A9866B5B}.Debug|Any CPU.Build.0 = Debug|Any CPU
		{CCF44AE9-DC79-45E8-B4C5-7007A9866B5B}.Release|Any CPU.ActiveCfg = Release|Any CPU
		{CCF44AE9-DC79-45E8-B4C5-7007A9866B5B}.Release|Any CPU.Build.0 = Release|Any CPU
	EndGlobalSection
	GlobalSection(SolutionProperties) = preSolution
		HideSolutionNode = FALSE
	EndGlobalSection
	GlobalSection(ExtensibilityGlobals) = postSolution
		SolutionGuid = {FE0C0F5D-3C6C-4E8F-A582-92CDE098F7BA}
	EndGlobalSection
EndGlobal
